
Microsoft Visual Studio Solution File, Format Version 12.00
# Visual Studio Version 16
VisualStudioVersion = 16.0.30413.136
MinimumVisualStudioVersion = 10.0.40219.1
Project("{9A19103F-16F7-4668-BE54-9A1E7A4F7556}") = "RayTracer", "RayTracerChallenge\RayTracer.csproj", "{77E2DC7A-B8E7-4B83-A18B-523F6AB0C7B6}"
EndProject
Project("{9A19103F-16F7-4668-BE54-9A1E7A4F7556}") = "UnitTestRayTracer", "UnitTestRayTracer\UnitTestRayTracer.csproj", "{B4B625E4-6FF7-4A8C-B45C-29B36815111B}"
EndProject
Project("{FAE04EC0-301F-11D3-BF4B-00C04F79EFBC}") = "ProjectileChallenge", "ProjectileChallenge\ProjectileChallenge.csproj", "{DDD5FC10-8188-40C7-8F52-183358FB2DC5}"
EndProject
Global
	GlobalSection(SolutionConfigurationPlatforms) = preSolution
		Debug|Any CPU = Debug|Any CPU
		Release|Any CPU = Release|Any CPU
	EndGlobalSection
	GlobalSection(ProjectConfigurationPlatforms) = postSolution
		{77E2DC7A-B8E7-4B83-A18B-523F6AB0C7B6}.Debug|Any CPU.ActiveCfg = Debug|Any CPU
		{77E2DC7A-B8E7-4B83-A18B-523F6AB0C7B6}.Debug|Any CPU.Build.0 = Debug|Any CPU
		{77E2DC7A-B8E7-4B83-A18B-523F6AB0C7B6}.Release|Any CPU.ActiveCfg = Release|Any CPU
		{77E2DC7A-B8E7-4B83-A18B-523F6AB0C7B6}.Release|Any CPU.Build.0 = Release|Any CPU
		{B4B625E4-6FF7-4A8C-B45C-29B36815111B}.Debug|Any CPU.ActiveCfg = Debug|Any CPU
		{B4B625E4-6FF7-4A8C-B45C-29B36815111B}.Debug|Any CPU.Build.0 = Debug|Any CPU
		{B4B625E4-6FF7-4A8C-B45C-29B36815111B}.Release|Any CPU.ActiveCfg = Release|Any CPU
		{B4B625E4-6FF7-4A8C-B45C-29B36815111B}.Release|Any CPU.Build.0 = Release|Any CPU
		{DDD5FC10-8188-40C7-8F52-183358FB2DC5}.Debug|Any CPU.ActiveCfg = Debug|Any CPU
		{DDD5FC10-8188-40C7-8F52-183358FB2DC5}.Debug|Any CPU.Build.0 = Debug|Any CPU
		{DDD5FC10-8188-40C7-8F52-183358FB2DC5}.Release|Any CPU.ActiveCfg = Release|Any CPU
		{DDD5FC10-8188-40C7-8F52-183358FB2DC5}.Release|Any CPU.Build.0 = Release|Any CPU
	EndGlobalSection
	GlobalSection(SolutionProperties) = preSolution
		HideSolutionNode = FALSE
	EndGlobalSection
	GlobalSection(ExtensibilityGlobals) = postSolution
		SolutionGuid = {C71362DA-728B-4EC6-BF51-16CF00F82A8A}
	EndGlobalSection
EndGlobal
